
Microsoft Visual Studio Solution File, Format Version 12.00
# Visual Studio Version 17
Project("{2150E333-8FDC-42A3-9474-1A3956D46DE8}") = "HostingExamples", "HostingExamples", "{D0F517F5-E19A-33B6-9EAE-9CF6036ACDF1}"
EndProject
Project("{2150E333-8FDC-42A3-9474-1A3956D46DE8}") = "Libraries", "Libraries", "{969DC136-CCAD-314C-87BF-910CD6ECDA3A}"
EndProject
Project("{2150E333-8FDC-42A3-9474-1A3956D46DE8}") = "PlugInExamples", "PlugInExamples", "{02E9C652-B707-305A-81CE-3609BD44942A}"
EndProject
Project("{2150E333-8FDC-42A3-9474-1A3956D46DE8}") = "Predefined", "Predefined", "{E5F36B67-84F5-3D28-88D3-116568BC4A2B}"
EndProject
Project("{2150E333-8FDC-42A3-9474-1A3956D46DE8}") = "VSTGUI Tools", "VSTGUI Tools", "{DB0FC220-1C7D-36AA-98FA-FCFF53EC2638}"
EndProject
Project("{8BC9CEB8-8B4A-11D0-8D11-00A0C91BC942}") = "ALL_BUILD", "ALL_BUILD.vcxproj", "{F125CEC5-CF87-3127-A88C-80BAE64EB191}"
	ProjectSection(ProjectDependencies) = postProject
		{E5C1C215-DD61-395B-8BFC-0C04904482EC} = {E5C1C215-DD61-395B-8BFC-0C04904482EC}
		{938F726B-F154-35D3-B04D-4833998542B9} = {938F726B-F154-35D3-B04D-4833998542B9}
		{B7E35F45-62BD-33AF-81E2-545BCE3FC5AD} = {B7E35F45-62BD-33AF-81E2-545BCE3FC5AD}
		{00042FFE-9FA6-3656-B8D9-28B80D2191A6} = {00042FFE-9FA6-3656-B8D9-28B80D2191A6}
		{9716DD5B-C8D4-3842-94BF-62ABA551470F} = {9716DD5B-C8D4-3842-94BF-62ABA551470F}
		{69CAAD97-26D0-36C2-9B97-B3EE3AF96BC2} = {69CAAD97-26D0-36C2-9B97-B3EE3AF96BC2}
		{C2BF98BA-3FA9-3CD1-8D70-DFC0C861848A} = {C2BF98BA-3FA9-3CD1-8D70-DFC0C861848A}
		{CED66C0D-0AB2-3CF2-B421-F982EA41985E} = {CED66C0D-0AB2-3CF2-B421-F982EA41985E}
		{D73BEB5E-A8B7-3CC5-BF89-B4A9D51BDE88} = {D73BEB5E-A8B7-3CC5-BF89-B4A9D51BDE88}
		{51D1A605-5D60-3468-B0FA-0D11A419F5C4} = {51D1A605-5D60-3468-B0FA-0D11A419F5C4}
		{4F016AEB-D20E-31EA-BAA9-DB187FA8249E} = {4F016AEB-D20E-31EA-BAA9-DB187FA8249E}
		{9B5C5737-7D4F-3460-ADBF-9A0EFEDEE0B7} = {9B5C5737-7D4F-3460-ADBF-9A0EFEDEE0B7}
		{5170D72D-C3BF-3174-AD89-9D0CF8A2249A} = {5170D72D-C3BF-3174-AD89-9D0CF8A2249A}
		{672DE5EC-2D99-3864-8E6D-8834BE6E746D} = {672DE5EC-2D99-3864-8E6D-8834BE6E746D}
		{179DCBA5-59F8-3EF9-A47C-18009AD5998D} = {179DCBA5-59F8-3EF9-A47C-18009AD5998D}
		{CE166C05-6387-3BB3-B5DF-D21FEFA61657} = {CE166C05-6387-3BB3-B5DF-D21FEFA61657}
		{8D557519-4368-36D0-9E00-78A15861A386} = {8D557519-4368-36D0-9E00-78A15861A386}
		{0ED7AC97-3268-3EF8-BD17-6F9FF51CD0C5} = {0ED7AC97-3268-3EF8-BD17-6F9FF51CD0C5}
		{905B2CA7-5152-33BF-A027-1E5FD9A7FF4D} = {905B2CA7-5152-33BF-A027-1E5FD9A7FF4D}
		{00A75FD3-13DB-314A-8121-B11D50436AEF} = {00A75FD3-13DB-314A-8121-B11D50436AEF}
		{FA964E9F-268D-33D6-8BD4-C2839192030B} = {FA964E9F-268D-33D6-8BD4-C2839192030B}
		{ABDAB2AE-C5E6-343B-AA78-B475C73E57C1} = {ABDAB2AE-C5E6-343B-AA78-B475C73E57C1}
		{F6A2AAF0-2AC0-3596-BFD7-674B4C0E031F} = {F6A2AAF0-2AC0-3596-BFD7-674B4C0E031F}
		{60881021-991D-3915-A0C8-3C640DFDFD63} = {60881021-991D-3915-A0C8-3C640DFDFD63}
		{FAD20848-CE58-3629-84AA-FA20F4A6C2AE} = {FAD20848-CE58-3629-84AA-FA20F4A6C2AE}
		{E4C9D14E-EAFC-38CF-ABC2-68062CD847C1} = {E4C9D14E-EAFC-38CF-ABC2-68062CD847C1}
	EndProjectSection
EndProject
Project("{8BC9CEB8-8B4A-11D0-8D11-00A0C91BC942}") = "ZERO_CHECK", "ZERO_CHECK.vcxproj", "{E5C1C215-DD61-395B-8BFC-0C04904482EC}"
	ProjectSection(ProjectDependencies) = postProject
	EndProjectSection
EndProject
Project("{8BC9CEB8-8B4A-11D0-8D11-00A0C91BC942}") = "adelay", "public.sdk\samples\vst\adelay\adelay.vcxproj", "{938F726B-F154-35D3-B04D-4833998542B9}"
	ProjectSection(ProjectDependencies) = postProject
		{E5C1C215-DD61-395B-8BFC-0C04904482EC} = {E5C1C215-DD61-395B-8BFC-0C04904482EC}
		{9716DD5B-C8D4-3842-94BF-62ABA551470F} = {9716DD5B-C8D4-3842-94BF-62ABA551470F}
		{179DCBA5-59F8-3EF9-A47C-18009AD5998D} = {179DCBA5-59F8-3EF9-A47C-18009AD5998D}
		{0ED7AC97-3268-3EF8-BD17-6F9FF51CD0C5} = {0ED7AC97-3268-3EF8-BD17-6F9FF51CD0C5}
		{905B2CA7-5152-33BF-A027-1E5FD9A7FF4D} = {905B2CA7-5152-33BF-A027-1E5FD9A7FF4D}
		{F6A2AAF0-2AC0-3596-BFD7-674B4C0E031F} = {F6A2AAF0-2AC0-3596-BFD7-674B4C0E031F}
	EndProjectSection
EndProject
Project("{8BC9CEB8-8B4A-11D0-8D11-00A0C91BC942}") = "again", "public.sdk\samples\vst\again\again.vcxproj", "{B7E35F45-62BD-33AF-81E2-545BCE3FC5AD}"
	ProjectSection(ProjectDependencies) = postProject
		{E5C1C215-DD61-395B-8BFC-0C04904482EC} = {E5C1C215-DD61-395B-8BFC-0C04904482EC}
		{9716DD5B-C8D4-3842-94BF-62ABA551470F} = {9716DD5B-C8D4-3842-94BF-62ABA551470F}
		{179DCBA5-59F8-3EF9-A47C-18009AD5998D} = {179DCBA5-59F8-3EF9-A47C-18009AD5998D}
		{0ED7AC97-3268-3EF8-BD17-6F9FF51CD0C5} = {0ED7AC97-3268-3EF8-BD17-6F9FF51CD0C5}
		{905B2CA7-5152-33BF-A027-1E5FD9A7FF4D} = {905B2CA7-5152-33BF-A027-1E5FD9A7FF4D}
		{F6A2AAF0-2AC0-3596-BFD7-674B4C0E031F} = {F6A2AAF0-2AC0-3596-BFD7-674B4C0E031F}
		{60881021-991D-3915-A0C8-3C640DFDFD63} = {60881021-991D-3915-A0C8-3C640DFDFD63}
		{FAD20848-CE58-3629-84AA-FA20F4A6C2AE} = {FAD20848-CE58-3629-84AA-FA20F4A6C2AE}
		{E4C9D14E-EAFC-38CF-ABC2-68062CD847C1} = {E4C9D14E-EAFC-38CF-ABC2-68062CD847C1}
	EndProjectSection
EndProject
Project("{8BC9CEB8-8B4A-11D0-8D11-00A0C91BC942}") = "againsimple", "public.sdk\samples\vst\again\againsimple.vcxproj", "{00042FFE-9FA6-3656-B8D9-28B80D2191A6}"
	ProjectSection(ProjectDependencies) = postProject
		{E5C1C215-DD61-395B-8BFC-0C04904482EC} = {E5C1C215-DD61-395B-8BFC-0C04904482EC}
		{9716DD5B-C8D4-3842-94BF-62ABA551470F} = {9716DD5B-C8D4-3842-94BF-62ABA551470F}
		{179DCBA5-59F8-3EF9-A47C-18009AD5998D} = {179DCBA5-59F8-3EF9-A47C-18009AD5998D}
		{0ED7AC97-3268-3EF8-BD17-6F9FF51CD0C5} = {0ED7AC97-3268-3EF8-BD17-6F9FF51CD0C5}
		{905B2CA7-5152-33BF-A027-1E5FD9A7FF4D} = {905B2CA7-5152-33BF-A027-1E5FD9A7FF4D}
		{F6A2AAF0-2AC0-3596-BFD7-674B4C0E031F} = {F6A2AAF0-2AC0-3596-BFD7-674B4C0E031F}
		{60881021-991D-3915-A0C8-3C640DFDFD63} = {60881021-991D-3915-A0C8-3C640DFDFD63}
		{FAD20848-CE58-3629-84AA-FA20F4A6C2AE} = {FAD20848-CE58-3629-84AA-FA20F4A6C2AE}
		{E4C9D14E-EAFC-38CF-ABC2-68062CD847C1} = {E4C9D14E-EAFC-38CF-ABC2-68062CD847C1}
	EndProjectSection
EndProject
Project("{8BC9CEB8-8B4A-11D0-8D11-00A0C91BC942}") = "base", "base\base.vcxproj", "{9716DD5B-C8D4-3842-94BF-62ABA551470F}"
	ProjectSection(ProjectDependencies) = postProject
		{E5C1C215-DD61-395B-8BFC-0C04904482EC} = {E5C1C215-DD61-395B-8BFC-0C04904482EC}
	EndProjectSection
EndProject
Project("{8BC9CEB8-8B4A-11D0-8D11-00A0C91BC942}") = "channelcontext", "public.sdk\samples\vst\channelcontext\channelcontext.vcxproj", "{69CAAD97-26D0-36C2-9B97-B3EE3AF96BC2}"
	ProjectSection(ProjectDependencies) = postProject
		{E5C1C215-DD61-395B-8BFC-0C04904482EC} = {E5C1C215-DD61-395B-8BFC-0C04904482EC}
		{9716DD5B-C8D4-3842-94BF-62ABA551470F} = {9716DD5B-C8D4-3842-94BF-62ABA551470F}
		{179DCBA5-59F8-3EF9-A47C-18009AD5998D} = {179DCBA5-59F8-3EF9-A47C-18009AD5998D}
		{0ED7AC97-3268-3EF8-BD17-6F9FF51CD0C5} = {0ED7AC97-3268-3EF8-BD17-6F9FF51CD0C5}
		{905B2CA7-5152-33BF-A027-1E5FD9A7FF4D} = {905B2CA7-5152-33BF-A027-1E5FD9A7FF4D}
		{F6A2AAF0-2AC0-3596-BFD7-674B4C0E031F} = {F6A2AAF0-2AC0-3596-BFD7-674B4C0E031F}
	EndProjectSection
EndProject
Project("{8BC9CEB8-8B4A-11D0-8D11-00A0C91BC942}") = "cmake_modules", "cmake_modules.vcxproj", "{6CB2AC3F-A9FE-3A26-9644-BB13A72EAFB0}"
	ProjectSection(ProjectDependencies) = postProject
		{E5C1C215-DD61-395B-8BFC-0C04904482EC} = {E5C1C215-DD61-395B-8BFC-0C04904482EC}
	EndProjectSection
EndProject
Project("{8BC9CEB8-8B4A-11D0-8D11-00A0C91BC942}") = "editorhost", "public.sdk\samples\vst-hosting\editorhost\editorhost.vcxproj", "{C2BF98BA-3FA9-3CD1-8D70-DFC0C861848A}"
	ProjectSection(ProjectDependencies) = postProject
		{E5C1C215-DD61-395B-8BFC-0C04904482EC} = {E5C1C215-DD61-395B-8BFC-0C04904482EC}
		{9716DD5B-C8D4-3842-94BF-62ABA551470F} = {9716DD5B-C8D4-3842-94BF-62ABA551470F}
		{179DCBA5-59F8-3EF9-A47C-18009AD5998D} = {179DCBA5-59F8-3EF9-A47C-18009AD5998D}
		{905B2CA7-5152-33BF-A027-1E5FD9A7FF4D} = {905B2CA7-5152-33BF-A027-1E5FD9A7FF4D}
		{00A75FD3-13DB-314A-8121-B11D50436AEF} = {00A75FD3-13DB-314A-8121-B11D50436AEF}
	EndProjectSection
EndProject
Project("{8BC9CEB8-8B4A-11D0-8D11-00A0C91BC942}") = "hostchecker", "public.sdk\samples\vst\hostchecker\hostchecker.vcxproj", "{CED66C0D-0AB2-3CF2-B421-F982EA41985E}"
	ProjectSection(ProjectDependencies) = postProject
		{E5C1C215-DD61-395B-8BFC-0C04904482EC} = {E5C1C215-DD61-395B-8BFC-0C04904482EC}
		{9716DD5B-C8D4-3842-94BF-62ABA551470F} = {9716DD5B-C8D4-3842-94BF-62ABA551470F}
		{179DCBA5-59F8-3EF9-A47C-18009AD5998D} = {179DCBA5-59F8-3EF9-A47C-18009AD5998D}
		{0ED7AC97-3268-3EF8-BD17-6F9FF51CD0C5} = {0ED7AC97-3268-3EF8-BD17-6F9FF51CD0C5}
		{905B2CA7-5152-33BF-A027-1E5FD9A7FF4D} = {905B2CA7-5152-33BF-A027-1E5FD9A7FF4D}
		{F6A2AAF0-2AC0-3596-BFD7-674B4C0E031F} = {F6A2AAF0-2AC0-3596-BFD7-674B4C0E031F}
		{60881021-991D-3915-A0C8-3C640DFDFD63} = {60881021-991D-3915-A0C8-3C640DFDFD63}
		{FAD20848-CE58-3629-84AA-FA20F4A6C2AE} = {FAD20848-CE58-3629-84AA-FA20F4A6C2AE}
		{E4C9D14E-EAFC-38CF-ABC2-68062CD847C1} = {E4C9D14E-EAFC-38CF-ABC2-68062CD847C1}
	EndProjectSection
EndProject
Project("{8BC9CEB8-8B4A-11D0-8D11-00A0C91BC942}") = "legacymidiccout", "public.sdk\samples\vst\legacymidiccout\legacymidiccout.vcxproj", "{D73BEB5E-A8B7-3CC5-BF89-B4A9D51BDE88}"
	ProjectSection(ProjectDependencies) = postProject
		{E5C1C215-DD61-395B-8BFC-0C04904482EC} = {E5C1C215-DD61-395B-8BFC-0C04904482EC}
		{9716DD5B-C8D4-3842-94BF-62ABA551470F} = {9716DD5B-C8D4-3842-94BF-62ABA551470F}
		{179DCBA5-59F8-3EF9-A47C-18009AD5998D} = {179DCBA5-59F8-3EF9-A47C-18009AD5998D}
		{0ED7AC97-3268-3EF8-BD17-6F9FF51CD0C5} = {0ED7AC97-3268-3EF8-BD17-6F9FF51CD0C5}
		{905B2CA7-5152-33BF-A027-1E5FD9A7FF4D} = {905B2CA7-5152-33BF-A027-1E5FD9A7FF4D}
		{F6A2AAF0-2AC0-3596-BFD7-674B4C0E031F} = {F6A2AAF0-2AC0-3596-BFD7-674B4C0E031F}
	EndProjectSection
EndProject
Project("{8BC9CEB8-8B4A-11D0-8D11-00A0C91BC942}") = "mda-vst3", "public.sdk\samples\vst\mda-vst3\mda-vst3.vcxproj", "{51D1A605-5D60-3468-B0FA-0D11A419F5C4}"
	ProjectSection(ProjectDependencies) = postProject
		{E5C1C215-DD61-395B-8BFC-0C04904482EC} = {E5C1C215-DD61-395B-8BFC-0C04904482EC}
		{9716DD5B-C8D4-3842-94BF-62ABA551470F} = {9716DD5B-C8D4-3842-94BF-62ABA551470F}
		{179DCBA5-59F8-3EF9-A47C-18009AD5998D} = {179DCBA5-59F8-3EF9-A47C-18009AD5998D}
		{0ED7AC97-3268-3EF8-BD17-6F9FF51CD0C5} = {0ED7AC97-3268-3EF8-BD17-6F9FF51CD0C5}
		{905B2CA7-5152-33BF-A027-1E5FD9A7FF4D} = {905B2CA7-5152-33BF-A027-1E5FD9A7FF4D}
		{F6A2AAF0-2AC0-3596-BFD7-674B4C0E031F} = {F6A2AAF0-2AC0-3596-BFD7-674B4C0E031F}
	EndProjectSection
EndProject
Project("{8BC9CEB8-8B4A-11D0-8D11-00A0C91BC942}") = "noteexpressionsynth", "public.sdk\samples\vst\note_expression_synth\noteexpressionsynth.vcxproj", "{4F016AEB-D20E-31EA-BAA9-DB187FA8249E}"
	ProjectSection(ProjectDependencies) = postProject
		{E5C1C215-DD61-395B-8BFC-0C04904482EC} = {E5C1C215-DD61-395B-8BFC-0C04904482EC}
		{9716DD5B-C8D4-3842-94BF-62ABA551470F} = {9716DD5B-C8D4-3842-94BF-62ABA551470F}
		{179DCBA5-59F8-3EF9-A47C-18009AD5998D} = {179DCBA5-59F8-3EF9-A47C-18009AD5998D}
		{0ED7AC97-3268-3EF8-BD17-6F9FF51CD0C5} = {0ED7AC97-3268-3EF8-BD17-6F9FF51CD0C5}
		{905B2CA7-5152-33BF-A027-1E5FD9A7FF4D} = {905B2CA7-5152-33BF-A027-1E5FD9A7FF4D}
		{F6A2AAF0-2AC0-3596-BFD7-674B4C0E031F} = {F6A2AAF0-2AC0-3596-BFD7-674B4C0E031F}
		{60881021-991D-3915-A0C8-3C640DFDFD63} = {60881021-991D-3915-A0C8-3C640DFDFD63}
		{FAD20848-CE58-3629-84AA-FA20F4A6C2AE} = {FAD20848-CE58-3629-84AA-FA20F4A6C2AE}
		{E4C9D14E-EAFC-38CF-ABC2-68062CD847C1} = {E4C9D14E-EAFC-38CF-ABC2-68062CD847C1}
	EndProjectSection
EndProject
Project("{8BC9CEB8-8B4A-11D0-8D11-00A0C91BC942}") = "noteexpressiontext", "public.sdk\samples\vst\note_expression_text\noteexpressiontext.vcxproj", "{9B5C5737-7D4F-3460-ADBF-9A0EFEDEE0B7}"
	ProjectSection(ProjectDependencies) = postProject
		{E5C1C215-DD61-395B-8BFC-0C04904482EC} = {E5C1C215-DD61-395B-8BFC-0C04904482EC}
		{9716DD5B-C8D4-3842-94BF-62ABA551470F} = {9716DD5B-C8D4-3842-94BF-62ABA551470F}
		{179DCBA5-59F8-3EF9-A47C-18009AD5998D} = {179DCBA5-59F8-3EF9-A47C-18009AD5998D}
		{0ED7AC97-3268-3EF8-BD17-6F9FF51CD0C5} = {0ED7AC97-3268-3EF8-BD17-6F9FF51CD0C5}
		{905B2CA7-5152-33BF-A027-1E5FD9A7FF4D} = {905B2CA7-5152-33BF-A027-1E5FD9A7FF4D}
		{F6A2AAF0-2AC0-3596-BFD7-674B4C0E031F} = {F6A2AAF0-2AC0-3596-BFD7-674B4C0E031F}
		{60881021-991D-3915-A0C8-3C640DFDFD63} = {60881021-991D-3915-A0C8-3C640DFDFD63}
		{FAD20848-CE58-3629-84AA-FA20F4A6C2AE} = {FAD20848-CE58-3629-84AA-FA20F4A6C2AE}
		{E4C9D14E-EAFC-38CF-ABC2-68062CD847C1} = {E4C9D14E-EAFC-38CF-ABC2-68062CD847C1}
	EndProjectSection
EndProject
Project("{8BC9CEB8-8B4A-11D0-8D11-00A0C91BC942}") = "panner", "public.sdk\samples\vst\panner\panner.vcxproj", "{5170D72D-C3BF-3174-AD89-9D0CF8A2249A}"
	ProjectSection(ProjectDependencies) = postProject
		{E5C1C215-DD61-395B-8BFC-0C04904482EC} = {E5C1C215-DD61-395B-8BFC-0C04904482EC}
		{9716DD5B-C8D4-3842-94BF-62ABA551470F} = {9716DD5B-C8D4-3842-94BF-62ABA551470F}
		{179DCBA5-59F8-3EF9-A47C-18009AD5998D} = {179DCBA5-59F8-3EF9-A47C-18009AD5998D}
		{0ED7AC97-3268-3EF8-BD17-6F9FF51CD0C5} = {0ED7AC97-3268-3EF8-BD17-6F9FF51CD0C5}
		{905B2CA7-5152-33BF-A027-1E5FD9A7FF4D} = {905B2CA7-5152-33BF-A027-1E5FD9A7FF4D}
		{F6A2AAF0-2AC0-3596-BFD7-674B4C0E031F} = {F6A2AAF0-2AC0-3596-BFD7-674B4C0E031F}
		{60881021-991D-3915-A0C8-3C640DFDFD63} = {60881021-991D-3915-A0C8-3C640DFDFD63}
		{FAD20848-CE58-3629-84AA-FA20F4A6C2AE} = {FAD20848-CE58-3629-84AA-FA20F4A6C2AE}
		{E4C9D14E-EAFC-38CF-ABC2-68062CD847C1} = {E4C9D14E-EAFC-38CF-ABC2-68062CD847C1}
	EndProjectSection
EndProject
Project("{8BC9CEB8-8B4A-11D0-8D11-00A0C91BC942}") = "pitchnames", "public.sdk\samples\vst\pitchnames\pitchnames.vcxproj", "{672DE5EC-2D99-3864-8E6D-8834BE6E746D}"
	ProjectSection(ProjectDependencies) = postProject
		{E5C1C215-DD61-395B-8BFC-0C04904482EC} = {E5C1C215-DD61-395B-8BFC-0C04904482EC}
		{9716DD5B-C8D4-3842-94BF-62ABA551470F} = {9716DD5B-C8D4-3842-94BF-62ABA551470F}
		{179DCBA5-59F8-3EF9-A47C-18009AD5998D} = {179DCBA5-59F8-3EF9-A47C-18009AD5998D}
		{0ED7AC97-3268-3EF8-BD17-6F9FF51CD0C5} = {0ED7AC97-3268-3EF8-BD17-6F9FF51CD0C5}
		{905B2CA7-5152-33BF-A027-1E5FD9A7FF4D} = {905B2CA7-5152-33BF-A027-1E5FD9A7FF4D}
		{F6A2AAF0-2AC0-3596-BFD7-674B4C0E031F} = {F6A2AAF0-2AC0-3596-BFD7-674B4C0E031F}
		{60881021-991D-3915-A0C8-3C640DFDFD63} = {60881021-991D-3915-A0C8-3C640DFDFD63}
		{FAD20848-CE58-3629-84AA-FA20F4A6C2AE} = {FAD20848-CE58-3629-84AA-FA20F4A6C2AE}
		{E4C9D14E-EAFC-38CF-ABC2-68062CD847C1} = {E4C9D14E-EAFC-38CF-ABC2-68062CD847C1}
	EndProjectSection
EndProject
Project("{8BC9CEB8-8B4A-11D0-8D11-00A0C91BC942}") = "pluginterfaces", "pluginterfaces\pluginterfaces.vcxproj", "{179DCBA5-59F8-3EF9-A47C-18009AD5998D}"
	ProjectSection(ProjectDependencies) = postProject
		{E5C1C215-DD61-395B-8BFC-0C04904482EC} = {E5C1C215-DD61-395B-8BFC-0C04904482EC}
	EndProjectSection
EndProject
Project("{8BC9CEB8-8B4A-11D0-8D11-00A0C91BC942}") = "prefetchablesupport", "public.sdk\samples\vst\prefetchablesupport\prefetchablesupport.vcxproj", "{CE166C05-6387-3BB3-B5DF-D21FEFA61657}"
	ProjectSection(ProjectDependencies) = postProject
		{E5C1C215-DD61-395B-8BFC-0C04904482EC} = {E5C1C215-DD61-395B-8BFC-0C04904482EC}
		{9716DD5B-C8D4-3842-94BF-62ABA551470F} = {9716DD5B-C8D4-3842-94BF-62ABA551470F}
		{179DCBA5-59F8-3EF9-A47C-18009AD5998D} = {179DCBA5-59F8-3EF9-A47C-18009AD5998D}
		{0ED7AC97-3268-3EF8-BD17-6F9FF51CD0C5} = {0ED7AC97-3268-3EF8-BD17-6F9FF51CD0C5}
		{905B2CA7-5152-33BF-A027-1E5FD9A7FF4D} = {905B2CA7-5152-33BF-A027-1E5FD9A7FF4D}
		{F6A2AAF0-2AC0-3596-BFD7-674B4C0E031F} = {F6A2AAF0-2AC0-3596-BFD7-674B4C0E031F}
	EndProjectSection
EndProject
Project("{8BC9CEB8-8B4A-11D0-8D11-00A0C91BC942}") = "programchange", "public.sdk\samples\vst\programchange\programchange.vcxproj", "{8D557519-4368-36D0-9E00-78A15861A386}"
	ProjectSection(ProjectDependencies) = postProject
		{E5C1C215-DD61-395B-8BFC-0C04904482EC} = {E5C1C215-DD61-395B-8BFC-0C04904482EC}
		{9716DD5B-C8D4-3842-94BF-62ABA551470F} = {9716DD5B-C8D4-3842-94BF-62ABA551470F}
		{179DCBA5-59F8-3EF9-A47C-18009AD5998D} = {179DCBA5-59F8-3EF9-A47C-18009AD5998D}
		{0ED7AC97-3268-3EF8-BD17-6F9FF51CD0C5} = {0ED7AC97-3268-3EF8-BD17-6F9FF51CD0C5}
		{905B2CA7-5152-33BF-A027-1E5FD9A7FF4D} = {905B2CA7-5152-33BF-A027-1E5FD9A7FF4D}
		{F6A2AAF0-2AC0-3596-BFD7-674B4C0E031F} = {F6A2AAF0-2AC0-3596-BFD7-674B4C0E031F}
	EndProjectSection
EndProject
Project("{8BC9CEB8-8B4A-11D0-8D11-00A0C91BC942}") = "sdk", "public.sdk\sdk.vcxproj", "{0ED7AC97-3268-3EF8-BD17-6F9FF51CD0C5}"
	ProjectSection(ProjectDependencies) = postProject
		{E5C1C215-DD61-395B-8BFC-0C04904482EC} = {E5C1C215-DD61-395B-8BFC-0C04904482EC}
		{9716DD5B-C8D4-3842-94BF-62ABA551470F} = {9716DD5B-C8D4-3842-94BF-62ABA551470F}
		{179DCBA5-59F8-3EF9-A47C-18009AD5998D} = {179DCBA5-59F8-3EF9-A47C-18009AD5998D}
		{905B2CA7-5152-33BF-A027-1E5FD9A7FF4D} = {905B2CA7-5152-33BF-A027-1E5FD9A7FF4D}
	EndProjectSection
EndProject
Project("{8BC9CEB8-8B4A-11D0-8D11-00A0C91BC942}") = "sdk_common", "public.sdk\sdk_common.vcxproj", "{905B2CA7-5152-33BF-A027-1E5FD9A7FF4D}"
	ProjectSection(ProjectDependencies) = postProject
		{E5C1C215-DD61-395B-8BFC-0C04904482EC} = {E5C1C215-DD61-395B-8BFC-0C04904482EC}
		{9716DD5B-C8D4-3842-94BF-62ABA551470F} = {9716DD5B-C8D4-3842-94BF-62ABA551470F}
		{179DCBA5-59F8-3EF9-A47C-18009AD5998D} = {179DCBA5-59F8-3EF9-A47C-18009AD5998D}
	EndProjectSection
EndProject
Project("{8BC9CEB8-8B4A-11D0-8D11-00A0C91BC942}") = "sdk_hosting", "public.sdk\sdk_hosting.vcxproj", "{00A75FD3-13DB-314A-8121-B11D50436AEF}"
	ProjectSection(ProjectDependencies) = postProject
		{E5C1C215-DD61-395B-8BFC-0C04904482EC} = {E5C1C215-DD61-395B-8BFC-0C04904482EC}
		{9716DD5B-C8D4-3842-94BF-62ABA551470F} = {9716DD5B-C8D4-3842-94BF-62ABA551470F}
		{179DCBA5-59F8-3EF9-A47C-18009AD5998D} = {179DCBA5-59F8-3EF9-A47C-18009AD5998D}
		{905B2CA7-5152-33BF-A027-1E5FD9A7FF4D} = {905B2CA7-5152-33BF-A027-1E5FD9A7FF4D}
	EndProjectSection
EndProject
Project("{8BC9CEB8-8B4A-11D0-8D11-00A0C91BC942}") = "syncdelay", "public.sdk\samples\vst\syncdelay\syncdelay.vcxproj", "{FA964E9F-268D-33D6-8BD4-C2839192030B}"
	ProjectSection(ProjectDependencies) = postProject
		{E5C1C215-DD61-395B-8BFC-0C04904482EC} = {E5C1C215-DD61-395B-8BFC-0C04904482EC}
		{9716DD5B-C8D4-3842-94BF-62ABA551470F} = {9716DD5B-C8D4-3842-94BF-62ABA551470F}
		{179DCBA5-59F8-3EF9-A47C-18009AD5998D} = {179DCBA5-59F8-3EF9-A47C-18009AD5998D}
		{0ED7AC97-3268-3EF8-BD17-6F9FF51CD0C5} = {0ED7AC97-3268-3EF8-BD17-6F9FF51CD0C5}
		{905B2CA7-5152-33BF-A027-1E5FD9A7FF4D} = {905B2CA7-5152-33BF-A027-1E5FD9A7FF4D}
		{F6A2AAF0-2AC0-3596-BFD7-674B4C0E031F} = {F6A2AAF0-2AC0-3596-BFD7-674B4C0E031F}
	EndProjectSection
EndProject
Project("{8BC9CEB8-8B4A-11D0-8D11-00A0C91BC942}") = "uidesccompressor", "VSTGUI.build\tools\uidesccompressor\uidesccompressor.vcxproj", "{ABDAB2AE-C5E6-343B-AA78-B475C73E57C1}"
	ProjectSection(ProjectDependencies) = postProject
		{E5C1C215-DD61-395B-8BFC-0C04904482EC} = {E5C1C215-DD61-395B-8BFC-0C04904482EC}
		{60881021-991D-3915-A0C8-3C640DFDFD63} = {60881021-991D-3915-A0C8-3C640DFDFD63}
		{E4C9D14E-EAFC-38CF-ABC2-68062CD847C1} = {E4C9D14E-EAFC-38CF-ABC2-68062CD847C1}
	EndProjectSection
EndProject
Project("{8BC9CEB8-8B4A-11D0-8D11-00A0C91BC942}") = "validator", "public.sdk\samples\vst-hosting\validator\validator.vcxproj", "{F6A2AAF0-2AC0-3596-BFD7-674B4C0E031F}"
	ProjectSection(ProjectDependencies) = postProject
		{E5C1C215-DD61-395B-8BFC-0C04904482EC} = {E5C1C215-DD61-395B-8BFC-0C04904482EC}
		{9716DD5B-C8D4-3842-94BF-62ABA551470F} = {9716DD5B-C8D4-3842-94BF-62ABA551470F}
		{179DCBA5-59F8-3EF9-A47C-18009AD5998D} = {179DCBA5-59F8-3EF9-A47C-18009AD5998D}
		{905B2CA7-5152-33BF-A027-1E5FD9A7FF4D} = {905B2CA7-5152-33BF-A027-1E5FD9A7FF4D}
		{00A75FD3-13DB-314A-8121-B11D50436AEF} = {00A75FD3-13DB-314A-8121-B11D50436AEF}
	EndProjectSection
EndProject
Project("{8BC9CEB8-8B4A-11D0-8D11-00A0C91BC942}") = "vstgui", "VSTGUI.build\lib\vstgui.vcxproj", "{60881021-991D-3915-A0C8-3C640DFDFD63}"
	ProjectSection(ProjectDependencies) = postProject
		{E5C1C215-DD61-395B-8BFC-0C04904482EC} = {E5C1C215-DD61-395B-8BFC-0C04904482EC}
	EndProjectSection
EndProject
Project("{8BC9CEB8-8B4A-11D0-8D11-00A0C91BC942}") = "vstgui_support", "vstgui_support.vcxproj", "{FAD20848-CE58-3629-84AA-FA20F4A6C2AE}"
	ProjectSection(ProjectDependencies) = postProject
		{E5C1C215-DD61-395B-8BFC-0C04904482EC} = {E5C1C215-DD61-395B-8BFC-0C04904482EC}
		{9716DD5B-C8D4-3842-94BF-62ABA551470F} = {9716DD5B-C8D4-3842-94BF-62ABA551470F}
		{60881021-991D-3915-A0C8-3C640DFDFD63} = {60881021-991D-3915-A0C8-3C640DFDFD63}
		{E4C9D14E-EAFC-38CF-ABC2-68062CD847C1} = {E4C9D14E-EAFC-38CF-ABC2-68062CD847C1}
	EndProjectSection
EndProject
Project("{8BC9CEB8-8B4A-11D0-8D11-00A0C91BC942}") = "vstgui_uidescription", "VSTGUI.build\uidescription\vstgui_uidescription.vcxproj", "{E4C9D14E-EAFC-38CF-ABC2-68062CD847C1}"
	ProjectSection(ProjectDependencies) = postProject
		{E5C1C215-DD61-395B-8BFC-0C04904482EC} = {E5C1C215-DD61-395B-8BFC-0C04904482EC}
		{60881021-991D-3915-A0C8-3C640DFDFD63} = {60881021-991D-3915-A0C8-3C640DFDFD63}
	EndProjectSection
EndProject
Global
	GlobalSection(SolutionConfigurationPlatforms) = preSolution
		Debug|x64 = Debug|x64
		Release|x64 = Release|x64
	EndGlobalSection
	GlobalSection(ProjectConfigurationPlatforms) = postSolution
		{F125CEC5-CF87-3127-A88C-80BAE64EB191}.Debug|x64.ActiveCfg = Debug|x64
		{F125CEC5-CF87-3127-A88C-80BAE64EB191}.Release|x64.ActiveCfg = Release|x64
		{E5C1C215-DD61-395B-8BFC-0C04904482EC}.Debug|x64.ActiveCfg = Debug|x64
		{E5C1C215-DD61-395B-8BFC-0C04904482EC}.Debug|x64.Build.0 = Debug|x64
		{E5C1C215-DD61-395B-8BFC-0C04904482EC}.Release|x64.ActiveCfg = Release|x64
		{E5C1C215-DD61-395B-8BFC-0C04904482EC}.Release|x64.Build.0 = Release|x64
		{938F726B-F154-35D3-B04D-4833998542B9}.Debug|x64.ActiveCfg = Debug|x64
		{938F726B-F154-35D3-B04D-4833998542B9}.Debug|x64.Build.0 = Debug|x64
		{938F726B-F154-35D3-B04D-4833998542B9}.Release|x64.ActiveCfg = Release|x64
		{938F726B-F154-35D3-B04D-4833998542B9}.Release|x64.Build.0 = Release|x64
		{B7E35F45-62BD-33AF-81E2-545BCE3FC5AD}.Debug|x64.ActiveCfg = Debug|x64
		{B7E35F45-62BD-33AF-81E2-545BCE3FC5AD}.Debug|x64.Build.0 = Debug|x64
		{B7E35F45-62BD-33AF-81E2-545BCE3FC5AD}.Release|x64.ActiveCfg = Release|x64
		{B7E35F45-62BD-33AF-81E2-545BCE3FC5AD}.Release|x64.Build.0 = Release|x64
		{00042FFE-9FA6-3656-B8D9-28B80D2191A6}.Debug|x64.ActiveCfg = Debug|x64
		{00042FFE-9FA6-3656-B8D9-28B80D2191A6}.Debug|x64.Build.0 = Debug|x64
		{00042FFE-9FA6-3656-B8D9-28B80D2191A6}.Release|x64.ActiveCfg = Release|x64
		{00042FFE-9FA6-3656-B8D9-28B80D2191A6}.Release|x64.Build.0 = Release|x64
		{9716DD5B-C8D4-3842-94BF-62ABA551470F}.Debug|x64.ActiveCfg = Debug|x64
		{9716DD5B-C8D4-3842-94BF-62ABA551470F}.Debug|x64.Build.0 = Debug|x64
		{9716DD5B-C8D4-3842-94BF-62ABA551470F}.Release|x64.ActiveCfg = Release|x64
		{9716DD5B-C8D4-3842-94BF-62ABA551470F}.Release|x64.Build.0 = Release|x64
		{69CAAD97-26D0-36C2-9B97-B3EE3AF96BC2}.Debug|x64.ActiveCfg = Debug|x64
		{69CAAD97-26D0-36C2-9B97-B3EE3AF96BC2}.Debug|x64.Build.0 = Debug|x64
		{69CAAD97-26D0-36C2-9B97-B3EE3AF96BC2}.Release|x64.ActiveCfg = Release|x64
		{69CAAD97-26D0-36C2-9B97-B3EE3AF96BC2}.Release|x64.Build.0 = Release|x64
		{6CB2AC3F-A9FE-3A26-9644-BB13A72EAFB0}.Debug|x64.ActiveCfg = Debug|x64
		{6CB2AC3F-A9FE-3A26-9644-BB13A72EAFB0}.Release|x64.ActiveCfg = Release|x64
		{C2BF98BA-3FA9-3CD1-8D70-DFC0C861848A}.Debug|x64.ActiveCfg = Debug|x64
		{C2BF98BA-3FA9-3CD1-8D70-DFC0C861848A}.Debug|x64.Build.0 = Debug|x64
		{C2BF98BA-3FA9-3CD1-8D70-DFC0C861848A}.Release|x64.ActiveCfg = Release|x64
		{C2BF98BA-3FA9-3CD1-8D70-DFC0C861848A}.Release|x64.Build.0 = Release|x64
		{CED66C0D-0AB2-3CF2-B421-F982EA41985E}.Debug|x64.ActiveCfg = Debug|x64
		{CED66C0D-0AB2-3CF2-B421-F982EA41985E}.Debug|x64.Build.0 = Debug|x64
		{CED66C0D-0AB2-3CF2-B421-F982EA41985E}.Release|x64.ActiveCfg = Release|x64
		{CED66C0D-0AB2-3CF2-B421-F982EA41985E}.Release|x64.Build.0 = Release|x64
		{D73BEB5E-A8B7-3CC5-BF89-B4A9D51BDE88}.Debug|x64.ActiveCfg = Debug|x64
		{D73BEB5E-A8B7-3CC5-BF89-B4A9D51BDE88}.Debug|x64.Build.0 = Debug|x64
		{D73BEB5E-A8B7-3CC5-BF89-B4A9D51BDE88}.Release|x64.ActiveCfg = Release|x64
		{D73BEB5E-A8B7-3CC5-BF89-B4A9D51BDE88}.Release|x64.Build.0 = Release|x64
		{51D1A605-5D60-3468-B0FA-0D11A419F5C4}.Debug|x64.ActiveCfg = Debug|x64
		{51D1A605-5D60-3468-B0FA-0D11A419F5C4}.Debug|x64.Build.0 = Debug|x64
		{51D1A605-5D60-3468-B0FA-0D11A419F5C4}.Release|x64.ActiveCfg = Release|x64
		{51D1A605-5D60-3468-B0FA-0D11A419F5C4}.Release|x64.Build.0 = Release|x64
		{4F016AEB-D20E-31EA-BAA9-DB187FA8249E}.Debug|x64.ActiveCfg = Debug|x64
		{4F016AEB-D20E-31EA-BAA9-DB187FA8249E}.Debug|x64.Build.0 = Debug|x64
		{4F016AEB-D20E-31EA-BAA9-DB187FA8249E}.Release|x64.ActiveCfg = Release|x64
		{4F016AEB-D20E-31EA-BAA9-DB187FA8249E}.Release|x64.Build.0 = Release|x64
		{9B5C5737-7D4F-3460-ADBF-9A0EFEDEE0B7}.Debug|x64.ActiveCfg = Debug|x64
		{9B5C5737-7D4F-3460-ADBF-9A0EFEDEE0B7}.Debug|x64.Build.0 = Debug|x64
		{9B5C5737-7D4F-3460-ADBF-9A0EFEDEE0B7}.Release|x64.ActiveCfg = Release|x64
		{9B5C5737-7D4F-3460-ADBF-9A0EFEDEE0B7}.Release|x64.Build.0 = Release|x64
		{5170D72D-C3BF-3174-AD89-9D0CF8A2249A}.Debug|x64.ActiveCfg = Debug|x64
		{5170D72D-C3BF-3174-AD89-9D0CF8A2249A}.Debug|x64.Build.0 = Debug|x64
		{5170D72D-C3BF-3174-AD89-9D0CF8A2249A}.Release|x64.ActiveCfg = Release|x64
		{5170D72D-C3BF-3174-AD89-9D0CF8A2249A}.Release|x64.Build.0 = Release|x64
		{672DE5EC-2D99-3864-8E6D-8834BE6E746D}.Debug|x64.ActiveCfg = Debug|x64
		{672DE5EC-2D99-3864-8E6D-8834BE6E746D}.Debug|x64.Build.0 = Debug|x64
		{672DE5EC-2D99-3864-8E6D-8834BE6E746D}.Release|x64.ActiveCfg = Release|x64
		{672DE5EC-2D99-3864-8E6D-8834BE6E746D}.Release|x64.Build.0 = Release|x64
		{179DCBA5-59F8-3EF9-A47C-18009AD5998D}.Debug|x64.ActiveCfg = Debug|x64
		{179DCBA5-59F8-3EF9-A47C-18009AD5998D}.Debug|x64.Build.0 = Debug|x64
		{179DCBA5-59F8-3EF9-A47C-18009AD5998D}.Release|x64.ActiveCfg = Release|x64
		{179DCBA5-59F8-3EF9-A47C-18009AD5998D}.Release|x64.Build.0 = Release|x64
		{CE166C05-6387-3BB3-B5DF-D21FEFA61657}.Debug|x64.ActiveCfg = Debug|x64
		{CE166C05-6387-3BB3-B5DF-D21FEFA61657}.Debug|x64.Build.0 = Debug|x64
		{CE166C05-6387-3BB3-B5DF-D21FEFA61657}.Release|x64.ActiveCfg = Release|x64
		{CE166C05-6387-3BB3-B5DF-D21FEFA61657}.Release|x64.Build.0 = Release|x64
		{8D557519-4368-36D0-9E00-78A15861A386}.Debug|x64.ActiveCfg = Debug|x64
		{8D557519-4368-36D0-9E00-78A15861A386}.Debug|x64.Build.0 = Debug|x64
		{8D557519-4368-36D0-9E00-78A15861A386}.Release|x64.ActiveCfg = Release|x64
		{8D557519-4368-36D0-9E00-78A15861A386}.Release|x64.Build.0 = Release|x64
		{0ED7AC97-3268-3EF8-BD17-6F9FF51CD0C5}.Debug|x64.ActiveCfg = Debug|x64
		{0ED7AC97-3268-3EF8-BD17-6F9FF51CD0C5}.Debug|x64.Build.0 = Debug|x64
		{0ED7AC97-3268-3EF8-BD17-6F9FF51CD0C5}.Release|x64.ActiveCfg = Release|x64
		{0ED7AC97-3268-3EF8-BD17-6F9FF51CD0C5}.Release|x64.Build.0 = Release|x64
		{905B2CA7-5152-33BF-A027-1E5FD9A7FF4D}.Debug|x64.ActiveCfg = Debug|x64
		{905B2CA7-5152-33BF-A027-1E5FD9A7FF4D}.Debug|x64.Build.0 = Debug|x64
		{905B2CA7-5152-33BF-A027-1E5FD9A7FF4D}.Release|x64.ActiveCfg = Release|x64
		{905B2CA7-5152-33BF-A027-1E5FD9A7FF4D}.Release|x64.Build.0 = Release|x64
		{00A75FD3-13DB-314A-8121-B11D50436AEF}.Debug|x64.ActiveCfg = Debug|x64
		{00A75FD3-13DB-314A-8121-B11D50436AEF}.Debug|x64.Build.0 = Debug|x64
		{00A75FD3-13DB-314A-8121-B11D50436AEF}.Release|x64.ActiveCfg = Release|x64
		{00A75FD3-13DB-314A-8121-B11D50436AEF}.Release|x64.Build.0 = Release|x64
		{FA964E9F-268D-33D6-8BD4-C2839192030B}.Debug|x64.ActiveCfg = Debug|x64
		{FA964E9F-268D-33D6-8BD4-C2839192030B}.Debug|x64.Build.0 = Debug|x64
		{FA964E9F-268D-33D6-8BD4-C2839192030B}.Release|x64.ActiveCfg = Release|x64
		{FA964E9F-268D-33D6-8BD4-C2839192030B}.Release|x64.Build.0 = Release|x64
		{ABDAB2AE-C5E6-343B-AA78-B475C73E57C1}.Debug|x64.ActiveCfg = Debug|x64
		{ABDAB2AE-C5E6-343B-AA78-B475C73E57C1}.Debug|x64.Build.0 = Debug|x64
		{ABDAB2AE-C5E6-343B-AA78-B475C73E57C1}.Release|x64.ActiveCfg = Release|x64
		{ABDAB2AE-C5E6-343B-AA78-B475C73E57C1}.Release|x64.Build.0 = Release|x64
		{F6A2AAF0-2AC0-3596-BFD7-674B4C0E031F}.Debug|x64.ActiveCfg = Debug|x64
		{F6A2AAF0-2AC0-3596-BFD7-674B4C0E031F}.Debug|x64.Build.0 = Debug|x64
		{F6A2AAF0-2AC0-3596-BFD7-674B4C0E031F}.Release|x64.ActiveCfg = Release|x64
		{F6A2AAF0-2AC0-3596-BFD7-674B4C0E031F}.Release|x64.Build.0 = Release|x64
		{60881021-991D-3915-A0C8-3C640DFDFD63}.Debug|x64.ActiveCfg = Debug|x64
		{60881021-991D-3915-A0C8-3C640DFDFD63}.Debug|x64.Build.0 = Debug|x64
		{60881021-991D-3915-A0C8-3C640DFDFD63}.Release|x64.ActiveCfg = Release|x64
		{60881021-991D-3915-A0C8-3C640DFDFD63}.Release|x64.Build.0 = Release|x64
		{FAD20848-CE58-3629-84AA-FA20F4A6C2AE}.Debug|x64.ActiveCfg = Debug|x64
		{FAD20848-CE58-3629-84AA-FA20F4A6C2AE}.Debug|x64.Build.0 = Debug|x64
		{FAD20848-CE58-3629-84AA-FA20F4A6C2AE}.Release|x64.ActiveCfg = Release|x64
		{FAD20848-CE58-3629-84AA-FA20F4A6C2AE}.Release|x64.Build.0 = Release|x64
		{E4C9D14E-EAFC-38CF-ABC2-68062CD847C1}.Debug|x64.ActiveCfg = Debug|x64
		{E4C9D14E-EAFC-38CF-ABC2-68062CD847C1}.Debug|x64.Build.0 = Debug|x64
		{E4C9D14E-EAFC-38CF-ABC2-68062CD847C1}.Release|x64.ActiveCfg = Release|x64
		{E4C9D14E-EAFC-38CF-ABC2-68062CD847C1}.Release|x64.Build.0 = Release|x64
	EndGlobalSection
	GlobalSection(NestedProjects) = preSolution
		{C2BF98BA-3FA9-3CD1-8D70-DFC0C861848A} = {D0F517F5-E19A-33B6-9EAE-9CF6036ACDF1}
		{F6A2AAF0-2AC0-3596-BFD7-674B4C0E031F} = {D0F517F5-E19A-33B6-9EAE-9CF6036ACDF1}
		{9716DD5B-C8D4-3842-94BF-62ABA551470F} = {969DC136-CCAD-314C-87BF-910CD6ECDA3A}
		{6CB2AC3F-A9FE-3A26-9644-BB13A72EAFB0} = {969DC136-CCAD-314C-87BF-910CD6ECDA3A}
		{179DCBA5-59F8-3EF9-A47C-18009AD5998D} = {969DC136-CCAD-314C-87BF-910CD6ECDA3A}
		{0ED7AC97-3268-3EF8-BD17-6F9FF51CD0C5} = {969DC136-CCAD-314C-87BF-910CD6ECDA3A}
		{905B2CA7-5152-33BF-A027-1E5FD9A7FF4D} = {969DC136-CCAD-314C-87BF-910CD6ECDA3A}
		{00A75FD3-13DB-314A-8121-B11D50436AEF} = {969DC136-CCAD-314C-87BF-910CD6ECDA3A}
		{60881021-991D-3915-A0C8-3C640DFDFD63} = {969DC136-CCAD-314C-87BF-910CD6ECDA3A}
		{FAD20848-CE58-3629-84AA-FA20F4A6C2AE} = {969DC136-CCAD-314C-87BF-910CD6ECDA3A}
		{E4C9D14E-EAFC-38CF-ABC2-68062CD847C1} = {969DC136-CCAD-314C-87BF-910CD6ECDA3A}
		{938F726B-F154-35D3-B04D-4833998542B9} = {02E9C652-B707-305A-81CE-3609BD44942A}
		{B7E35F45-62BD-33AF-81E2-545BCE3FC5AD} = {02E9C652-B707-305A-81CE-3609BD44942A}
		{00042FFE-9FA6-3656-B8D9-28B80D2191A6} = {02E9C652-B707-305A-81CE-3609BD44942A}
		{69CAAD97-26D0-36C2-9B97-B3EE3AF96BC2} = {02E9C652-B707-305A-81CE-3609BD44942A}
		{CED66C0D-0AB2-3CF2-B421-F982EA41985E} = {02E9C652-B707-305A-81CE-3609BD44942A}
		{D73BEB5E-A8B7-3CC5-BF89-B4A9D51BDE88} = {02E9C652-B707-305A-81CE-3609BD44942A}
		{51D1A605-5D60-3468-B0FA-0D11A419F5C4} = {02E9C652-B707-305A-81CE-3609BD44942A}
		{4F016AEB-D20E-31EA-BAA9-DB187FA8249E} = {02E9C652-B707-305A-81CE-3609BD44942A}
		{9B5C5737-7D4F-3460-ADBF-9A0EFEDEE0B7} = {02E9C652-B707-305A-81CE-3609BD44942A}
		{5170D72D-C3BF-3174-AD89-9D0CF8A2249A} = {02E9C652-B707-305A-81CE-3609BD44942A}
		{672DE5EC-2D99-3864-8E6D-8834BE6E746D} = {02E9C652-B707-305A-81CE-3609BD44942A}
		{CE166C05-6387-3BB3-B5DF-D21FEFA61657} = {02E9C652-B707-305A-81CE-3609BD44942A}
		{8D557519-4368-36D0-9E00-78A15861A386} = {02E9C652-B707-305A-81CE-3609BD44942A}
		{FA964E9F-268D-33D6-8BD4-C2839192030B} = {02E9C652-B707-305A-81CE-3609BD44942A}
		{F125CEC5-CF87-3127-A88C-80BAE64EB191} = {E5F36B67-84F5-3D28-88D3-116568BC4A2B}
		{E5C1C215-DD61-395B-8BFC-0C04904482EC} = {E5F36B67-84F5-3D28-88D3-116568BC4A2B}
		{ABDAB2AE-C5E6-343B-AA78-B475C73E57C1} = {DB0FC220-1C7D-36AA-98FA-FCFF53EC2638}
	EndGlobalSection
	GlobalSection(ExtensibilityGlobals) = postSolution
		SolutionGuid = {8AB886AD-C1AE-3DA7-96ED-DEBDB9FD46D5}
	EndGlobalSection
	GlobalSection(ExtensibilityAddIns) = postSolution
	EndGlobalSection
EndGlobal
