<?xml version="1.0" encoding="utf-8"?>
<Project ToolsVersion="17.0" xmlns="http://schemas.microsoft.com/developer/msbuild/2003">
  <ItemGroup>
    <ClCompile Include="D:\repo\VST\AudioPlugSharp-0.4\vst3sdk\public.sdk\samples\vst\legacymidiccout\source\plug.cpp">
      <Filter>Source Files</Filter>
    </ClCompile>
    <ClCompile Include="D:\repo\VST\AudioPlugSharp-0.4\vst3sdk\public.sdk\samples\vst\legacymidiccout\source\plugcontroller.cpp">
      <Filter>Source Files</Filter>
    </ClCompile>
    <ClCompile Include="D:\repo\VST\AudioPlugSharp-0.4\vst3sdk\public.sdk\samples\vst\legacymidiccout\source\plugentry.cpp">
      <Filter>Source Files</Filter>
    </ClCompile>
    <ClCompile Include="D:\repo\VST\AudioPlugSharp-0.4\vst3sdk\public.sdk\source\main\dllmain.cpp">
      <Filter>Source Files</Filter>
    </ClCompile>
  </ItemGroup>
  <ItemGroup>
    <ClInclude Include="D:\repo\VST\AudioPlugSharp-0.4\vst3sdk\public.sdk\samples\vst\legacymidiccout\source\plug.h">
      <Filter>Header Files</Filter>
    </ClInclude>
    <ClInclude Include="D:\repo\VST\AudioPlugSharp-0.4\vst3sdk\public.sdk\samples\vst\legacymidiccout\source\plugcids.h">
      <Filter>Header Files</Filter>
    </ClInclude>
    <ClInclude Include="D:\repo\VST\AudioPlugSharp-0.4\vst3sdk\public.sdk\samples\vst\legacymidiccout\source\plugcontroller.h">
      <Filter>Header Files</Filter>
    </ClInclude>
    <ClInclude Include="D:\repo\VST\AudioPlugSharp-0.4\vst3sdk\public.sdk\samples\vst\legacymidiccout\source\plugparamids.h">
      <Filter>Header Files</Filter>
    </ClInclude>
    <ClInclude Include="D:\repo\VST\AudioPlugSharp-0.4\vst3sdk\public.sdk\samples\vst\legacymidiccout\source\version.h">
      <Filter>Header Files</Filter>
    </ClInclude>
  </ItemGroup>
  <ItemGroup>
    <CustomBuild Include="D:\repo\VST\AudioPlugSharp-0.4\vst3sdk\public.sdk\samples\vst\legacymidiccout\CMakeLists.txt" />
  </ItemGroup>
  <ItemGroup>
    <ResourceCompile Include="D:\repo\VST\AudioPlugSharp-0.4\vst3sdk\public.sdk\samples\vst\legacymidiccout\resource\plug.rc">
      <Filter>Source Files</Filter>
    </ResourceCompile>
  </ItemGroup>
  <ItemGroup>
    <Filter Include="Header Files">
      <UniqueIdentifier>{552B1ABE-873B-3970-AD15-F8DA116833CD}</UniqueIdentifier>
    </Filter>
    <Filter Include="Source Files">
      <UniqueIdentifier>{DFF5BAED-7F22-3915-9D06-4CD30D60774C}</UniqueIdentifier>
    </Filter>
  </ItemGroup>
</Project>
